
Microsoft Visual Studio Solution File, Format Version 12.00
# Visual Studio Version 17
VisualStudioVersion = 17.7.34202.233
MinimumVisualStudioVersion = 10.0.40219.1
Project("{FAE04EC0-301F-11D3-BF4B-00C04F79EFBC}") = "Server", "Server\Server.csproj", "{D1D1E80B-0D5B-49CB-AA79-EC145F3C489E}"
EndProject
Project("{FAE04EC0-301F-11D3-BF4B-00C04F79EFBC}") = "Client", "Client\Client.csproj", "{21CEFAE8-FD90-457C-A083-3324C573D492}"
EndProject
Project("{FAE04EC0-301F-11D3-BF4B-00C04F79EFBC}") = "Client2", "Client2\Client2.csproj", "{E5EE703E-C092-478A-ACDF-441C6E30F92A}"
EndProject
Project("{FAE04EC0-301F-11D3-BF4B-00C04F79EFBC}") = "test2personClick", "test2personClick\test2personClick.csproj", "{68709471-076C-472E-9D7F-7C75BC9FD3E0}"
EndProject
Global
	GlobalSection(SolutionConfigurationPlatforms) = preSolution
		Debug|Any CPU = Debug|Any CPU
		Release|Any CPU = Release|Any CPU
	EndGlobalSection
	GlobalSection(ProjectConfigurationPlatforms) = postSolution
		{D1D1E80B-0D5B-49CB-AA79-EC145F3C489E}.Debug|Any CPU.ActiveCfg = Debug|Any CPU
		{D1D1E80B-0D5B-49CB-AA79-EC145F3C489E}.Debug|Any CPU.Build.0 = Debug|Any CPU
		{D1D1E80B-0D5B-49CB-AA79-EC145F3C489E}.Release|Any CPU.ActiveCfg = Release|Any CPU
		{D1D1E80B-0D5B-49CB-AA79-EC145F3C489E}.Release|Any CPU.Build.0 = Release|Any CPU
		{21CEFAE8-FD90-457C-A083-3324C573D492}.Debug|Any CPU.ActiveCfg = Debug|Any CPU
		{21CEFAE8-FD90-457C-A083-3324C573D492}.Debug|Any CPU.Build.0 = Debug|Any CPU
		{21CEFAE8-FD90-457C-A083-3324C573D492}.Release|Any CPU.ActiveCfg = Release|Any CPU
		{21CEFAE8-FD90-457C-A083-3324C573D492}.Release|Any CPU.Build.0 = Release|Any CPU
		{E5EE703E-C092-478A-ACDF-441C6E30F92A}.Debug|Any CPU.ActiveCfg = Debug|Any CPU
		{E5EE703E-C092-478A-ACDF-441C6E30F92A}.Debug|Any CPU.Build.0 = Debug|Any CPU
		{E5EE703E-C092-478A-ACDF-441C6E30F92A}.Release|Any CPU.ActiveCfg = Release|Any CPU
		{E5EE703E-C092-478A-ACDF-441C6E30F92A}.Release|Any CPU.Build.0 = Release|Any CPU
		{68709471-076C-472E-9D7F-7C75BC9FD3E0}.Debug|Any CPU.ActiveCfg = Debug|Any CPU
		{68709471-076C-472E-9D7F-7C75BC9FD3E0}.Debug|Any CPU.Build.0 = Debug|Any CPU
		{68709471-076C-472E-9D7F-7C75BC9FD3E0}.Release|Any CPU.ActiveCfg = Release|Any CPU
		{68709471-076C-472E-9D7F-7C75BC9FD3E0}.Release|Any CPU.Build.0 = Release|Any CPU
	EndGlobalSection
	GlobalSection(SolutionProperties) = preSolution
		HideSolutionNode = FALSE
	EndGlobalSection
	GlobalSection(ExtensibilityGlobals) = postSolution
		SolutionGuid = {3607C48F-0481-4748-ADE7-7827460C30BF}
	EndGlobalSection
EndGlobal
